
Microsoft Visual Studio Solution File, Format Version 12.00
# Visual Studio 15
Project("{FAE04EC0-301F-11D3-BF4B-00C04F79EFBC}") = "IngameDebugConsole.Runtime", "IngameDebugConsole.Runtime.csproj", "{D95665DA-F761-BCE0-43A4-4E7659C63729}"
EndProject
Project("{FAE04EC0-301F-11D3-BF4B-00C04F79EFBC}") = "NaughtyAttributes.Test", "NaughtyAttributes.Test.csproj", "{4639AD37-AD6F-555F-BCC7-62AA7C369C5E}"
EndProject
Project("{FAE04EC0-301F-11D3-BF4B-00C04F79EFBC}") = "NaughtyAttributes.Core", "NaughtyAttributes.Core.csproj", "{7A352F4D-C8F3-63CC-CCBE-0C4581A85EA2}"
EndProject
Project("{FAE04EC0-301F-11D3-BF4B-00C04F79EFBC}") = "NaughtyAttributes.Editor", "NaughtyAttributes.Editor.csproj", "{5E536097-E93C-35E7-5FEF-DAEC3026767C}"
EndProject
Project("{FAE04EC0-301F-11D3-BF4B-00C04F79EFBC}") = "Assembly-CSharp", "Assembly-CSharp.csproj", "{9447BC3A-7C79-4050-990C-21E979CF9AFC}"
EndProject
Project("{FAE04EC0-301F-11D3-BF4B-00C04F79EFBC}") = "Assembly-CSharp-firstpass", "Assembly-CSharp-firstpass.csproj", "{F1000213-8278-9A23-CCA8-7F3B4D785AA0}"
EndProject
Project("{FAE04EC0-301F-11D3-BF4B-00C04F79EFBC}") = "BetterHierarchy", "BetterHierarchy.csproj", "{DBF24846-A75C-469A-DE75-680C35E658D3}"
EndProject
Project("{FAE04EC0-301F-11D3-BF4B-00C04F79EFBC}") = "Assembly-CSharp-Editor", "Assembly-CSharp-Editor.csproj", "{48D56DD8-41B2-A6C0-9752-E22C484198BE}"
EndProject
Project("{FAE04EC0-301F-11D3-BF4B-00C04F79EFBC}") = "BetterHierarchyDemoScripts", "BetterHierarchyDemoScripts.csproj", "{24DB7BA2-80C0-C581-C235-4FFA80F10948}"
EndProject
Project("{FAE04EC0-301F-11D3-BF4B-00C04F79EFBC}") = "IngameDebugConsole.Editor", "IngameDebugConsole.Editor.csproj", "{F6997A2F-6868-48B0-DFFF-2BCE1420F44B}"
EndProject
Global
	GlobalSection(SolutionConfigurationPlatforms) = preSolution
		Debug|Any CPU = Debug|Any CPU
		Release|Any CPU = Release|Any CPU
	EndGlobalSection
	GlobalSection(ProjectConfigurationPlatforms) = postSolution
		{D95665DA-F761-BCE0-43A4-4E7659C63729}.Debug|Any CPU.ActiveCfg = Debug|Any CPU
		{D95665DA-F761-BCE0-43A4-4E7659C63729}.Debug|Any CPU.Build.0 = Debug|Any CPU
		{D95665DA-F761-BCE0-43A4-4E7659C63729}.Release|Any CPU.ActiveCfg = Release|Any CPU
		{D95665DA-F761-BCE0-43A4-4E7659C63729}.Release|Any CPU.Build.0 = Release|Any CPU
		{4639AD37-AD6F-555F-BCC7-62AA7C369C5E}.Debug|Any CPU.ActiveCfg = Debug|Any CPU
		{4639AD37-AD6F-555F-BCC7-62AA7C369C5E}.Debug|Any CPU.Build.0 = Debug|Any CPU
		{4639AD37-AD6F-555F-BCC7-62AA7C369C5E}.Release|Any CPU.ActiveCfg = Release|Any CPU
		{4639AD37-AD6F-555F-BCC7-62AA7C369C5E}.Release|Any CPU.Build.0 = Release|Any CPU
		{7A352F4D-C8F3-63CC-CCBE-0C4581A85EA2}.Debug|Any CPU.ActiveCfg = Debug|Any CPU
		{7A352F4D-C8F3-63CC-CCBE-0C4581A85EA2}.Debug|Any CPU.Build.0 = Debug|Any CPU
		{7A352F4D-C8F3-63CC-CCBE-0C4581A85EA2}.Release|Any CPU.ActiveCfg = Release|Any CPU
		{7A352F4D-C8F3-63CC-CCBE-0C4581A85EA2}.Release|Any CPU.Build.0 = Release|Any CPU
		{5E536097-E93C-35E7-5FEF-DAEC3026767C}.Debug|Any CPU.ActiveCfg = Debug|Any CPU
		{5E536097-E93C-35E7-5FEF-DAEC3026767C}.Debug|Any CPU.Build.0 = Debug|Any CPU
		{5E536097-E93C-35E7-5FEF-DAEC3026767C}.Release|Any CPU.ActiveCfg = Release|Any CPU
		{5E536097-E93C-35E7-5FEF-DAEC3026767C}.Release|Any CPU.Build.0 = Release|Any CPU
		{9447BC3A-7C79-4050-990C-21E979CF9AFC}.Debug|Any CPU.ActiveCfg = Debug|Any CPU
		{9447BC3A-7C79-4050-990C-21E979CF9AFC}.Debug|Any CPU.Build.0 = Debug|Any CPU
		{9447BC3A-7C79-4050-990C-21E979CF9AFC}.Release|Any CPU.ActiveCfg = Release|Any CPU
		{9447BC3A-7C79-4050-990C-21E979CF9AFC}.Release|Any CPU.Build.0 = Release|Any CPU
		{F1000213-8278-9A23-CCA8-7F3B4D785AA0}.Debug|Any CPU.ActiveCfg = Debug|Any CPU
		{F1000213-8278-9A23-CCA8-7F3B4D785AA0}.Debug|Any CPU.Build.0 = Debug|Any CPU
		{F1000213-8278-9A23-CCA8-7F3B4D785AA0}.Release|Any CPU.ActiveCfg = Release|Any CPU
		{F1000213-8278-9A23-CCA8-7F3B4D785AA0}.Release|Any CPU.Build.0 = Release|Any CPU
		{DBF24846-A75C-469A-DE75-680C35E658D3}.Debug|Any CPU.ActiveCfg = Debug|Any CPU
		{DBF24846-A75C-469A-DE75-680C35E658D3}.Debug|Any CPU.Build.0 = Debug|Any CPU
		{DBF24846-A75C-469A-DE75-680C35E658D3}.Release|Any CPU.ActiveCfg = Release|Any CPU
		{DBF24846-A75C-469A-DE75-680C35E658D3}.Release|Any CPU.Build.0 = Release|Any CPU
		{48D56DD8-41B2-A6C0-9752-E22C484198BE}.Debug|Any CPU.ActiveCfg = Debug|Any CPU
		{48D56DD8-41B2-A6C0-9752-E22C484198BE}.Debug|Any CPU.Build.0 = Debug|Any CPU
		{48D56DD8-41B2-A6C0-9752-E22C484198BE}.Release|Any CPU.ActiveCfg = Release|Any CPU
		{48D56DD8-41B2-A6C0-9752-E22C484198BE}.Release|Any CPU.Build.0 = Release|Any CPU
		{24DB7BA2-80C0-C581-C235-4FFA80F10948}.Debug|Any CPU.ActiveCfg = Debug|Any CPU
		{24DB7BA2-80C0-C581-C235-4FFA80F10948}.Debug|Any CPU.Build.0 = Debug|Any CPU
		{24DB7BA2-80C0-C581-C235-4FFA80F10948}.Release|Any CPU.ActiveCfg = Release|Any CPU
		{24DB7BA2-80C0-C581-C235-4FFA80F10948}.Release|Any CPU.Build.0 = Release|Any CPU
		{F6997A2F-6868-48B0-DFFF-2BCE1420F44B}.Debug|Any CPU.ActiveCfg = Debug|Any CPU
		{F6997A2F-6868-48B0-DFFF-2BCE1420F44B}.Debug|Any CPU.Build.0 = Debug|Any CPU
		{F6997A2F-6868-48B0-DFFF-2BCE1420F44B}.Release|Any CPU.ActiveCfg = Release|Any CPU
		{F6997A2F-6868-48B0-DFFF-2BCE1420F44B}.Release|Any CPU.Build.0 = Release|Any CPU
	EndGlobalSection
	GlobalSection(SolutionProperties) = preSolution
		HideSolutionNode = FALSE
	EndGlobalSection
EndGlobal
