
Microsoft Visual Studio Solution File, Format Version 12.00
# Visual Studio 15
Project("{FAE04EC0-301F-11D3-BF4B-00C04F79EFBC}") = "BetterHierarchy", "BetterHierarchy.csproj", "{9E3488A1-533E-2D9E-B867-8F085F105CF0}"
EndProject
Project("{FAE04EC0-301F-11D3-BF4B-00C04F79EFBC}") = "BetterHierarchyDemoScripts", "BetterHierarchyDemoScripts.csproj", "{E8054208-93C9-9FAE-B829-9939B2FDF2A2}"
EndProject
Project("{FAE04EC0-301F-11D3-BF4B-00C04F79EFBC}") = "Assembly-CSharp-Editor", "Assembly-CSharp-Editor.csproj", "{9137B76D-6251-1D82-F173-ADCF7E12874C}"
EndProject
Project("{FAE04EC0-301F-11D3-BF4B-00C04F79EFBC}") = "Assembly-CSharp", "Assembly-CSharp.csproj", "{06D98AFB-1F91-BFD3-BCA7-6773067A3C8D}"
EndProject
Global
	GlobalSection(SolutionConfigurationPlatforms) = preSolution
		Debug|Any CPU = Debug|Any CPU
		Release|Any CPU = Release|Any CPU
	EndGlobalSection
	GlobalSection(ProjectConfigurationPlatforms) = postSolution
		{9E3488A1-533E-2D9E-B867-8F085F105CF0}.Debug|Any CPU.ActiveCfg = Debug|Any CPU
		{9E3488A1-533E-2D9E-B867-8F085F105CF0}.Debug|Any CPU.Build.0 = Debug|Any CPU
		{9E3488A1-533E-2D9E-B867-8F085F105CF0}.Release|Any CPU.ActiveCfg = Release|Any CPU
		{9E3488A1-533E-2D9E-B867-8F085F105CF0}.Release|Any CPU.Build.0 = Release|Any CPU
		{E8054208-93C9-9FAE-B829-9939B2FDF2A2}.Debug|Any CPU.ActiveCfg = Debug|Any CPU
		{E8054208-93C9-9FAE-B829-9939B2FDF2A2}.Debug|Any CPU.Build.0 = Debug|Any CPU
		{E8054208-93C9-9FAE-B829-9939B2FDF2A2}.Release|Any CPU.ActiveCfg = Release|Any CPU
		{E8054208-93C9-9FAE-B829-9939B2FDF2A2}.Release|Any CPU.Build.0 = Release|Any CPU
		{9137B76D-6251-1D82-F173-ADCF7E12874C}.Debug|Any CPU.ActiveCfg = Debug|Any CPU
		{9137B76D-6251-1D82-F173-ADCF7E12874C}.Debug|Any CPU.Build.0 = Debug|Any CPU
		{9137B76D-6251-1D82-F173-ADCF7E12874C}.Release|Any CPU.ActiveCfg = Release|Any CPU
		{9137B76D-6251-1D82-F173-ADCF7E12874C}.Release|Any CPU.Build.0 = Release|Any CPU
		{06D98AFB-1F91-BFD3-BCA7-6773067A3C8D}.Debug|Any CPU.ActiveCfg = Debug|Any CPU
		{06D98AFB-1F91-BFD3-BCA7-6773067A3C8D}.Debug|Any CPU.Build.0 = Debug|Any CPU
		{06D98AFB-1F91-BFD3-BCA7-6773067A3C8D}.Release|Any CPU.ActiveCfg = Release|Any CPU
		{06D98AFB-1F91-BFD3-BCA7-6773067A3C8D}.Release|Any CPU.Build.0 = Release|Any CPU
	EndGlobalSection
	GlobalSection(SolutionProperties) = preSolution
		HideSolutionNode = FALSE
	EndGlobalSection
EndGlobal
